
Microsoft Visual Studio Solution File, Format Version 12.00
# Visual Studio Version 16
VisualStudioVersion = 16.0.30225.117
MinimumVisualStudioVersion = 10.0.40219.1
Project("{FAE04EC0-301F-11D3-BF4B-00C04F79EFBC}") = "2. Sum Matrix Columns", "2. Sum Matrix Columns.csproj", "{1514391B-23A5-457B-AA93-929A443D144D}"
EndProject
Global
	GlobalSection(SolutionConfigurationPlatforms) = preSolution
		Debug|Any CPU = Debug|Any CPU
		Release|Any CPU = Release|Any CPU
	EndGlobalSection
	GlobalSection(ProjectConfigurationPlatforms) = postSolution
		{1514391B-23A5-457B-AA93-929A443D144D}.Debug|Any CPU.ActiveCfg = Debug|Any CPU
		{1514391B-23A5-457B-AA93-929A443D144D}.Debug|Any CPU.Build.0 = Debug|Any CPU
		{1514391B-23A5-457B-AA93-929A443D144D}.Release|Any CPU.ActiveCfg = Release|Any CPU
		{1514391B-23A5-457B-AA93-929A443D144D}.Release|Any CPU.Build.0 = Release|Any CPU
	EndGlobalSection
	GlobalSection(SolutionProperties) = preSolution
		HideSolutionNode = FALSE
	EndGlobalSection
	GlobalSection(ExtensibilityGlobals) = postSolution
		SolutionGuid = {B24718BF-EA01-48A7-93C7-3481DFF2F3D4}
	EndGlobalSection
EndGlobal
