
Microsoft Visual Studio Solution File, Format Version 12.00
# Visual Studio Version 16
VisualStudioVersion = 16.0.30225.117
MinimumVisualStudioVersion = 10.0.40219.1
Project("{FAE04EC0-301F-11D3-BF4B-00C04F79EFBC}") = "9. Miner", "9. Miner.csproj", "{1B280CEF-BDA0-494A-B8AB-289A91F84D94}"
EndProject
Global
	GlobalSection(SolutionConfigurationPlatforms) = preSolution
		Debug|Any CPU = Debug|Any CPU
		Release|Any CPU = Release|Any CPU
	EndGlobalSection
	GlobalSection(ProjectConfigurationPlatforms) = postSolution
		{1B280CEF-BDA0-494A-B8AB-289A91F84D94}.Debug|Any CPU.ActiveCfg = Debug|Any CPU
		{1B280CEF-BDA0-494A-B8AB-289A91F84D94}.Debug|Any CPU.Build.0 = Debug|Any CPU
		{1B280CEF-BDA0-494A-B8AB-289A91F84D94}.Release|Any CPU.ActiveCfg = Release|Any CPU
		{1B280CEF-BDA0-494A-B8AB-289A91F84D94}.Release|Any CPU.Build.0 = Release|Any CPU
	EndGlobalSection
	GlobalSection(SolutionProperties) = preSolution
		HideSolutionNode = FALSE
	EndGlobalSection
	GlobalSection(ExtensibilityGlobals) = postSolution
		SolutionGuid = {898137CA-8B93-42F8-ACA9-2600C450158D}
	EndGlobalSection
EndGlobal
