
Microsoft Visual Studio Solution File, Format Version 12.00
# Visual Studio Version 16
VisualStudioVersion = 16.0.30225.117
MinimumVisualStudioVersion = 10.0.40219.1
Project("{FAE04EC0-301F-11D3-BF4B-00C04F79EFBC}") = "05. Applied Arithmetics", "05. Applied Arithmetics.csproj", "{31CAFE0C-5EE0-4D37-9F0F-0ECE77C9CF8F}"
EndProject
Global
	GlobalSection(SolutionConfigurationPlatforms) = preSolution
		Debug|Any CPU = Debug|Any CPU
		Release|Any CPU = Release|Any CPU
	EndGlobalSection
	GlobalSection(ProjectConfigurationPlatforms) = postSolution
		{31CAFE0C-5EE0-4D37-9F0F-0ECE77C9CF8F}.Debug|Any CPU.ActiveCfg = Debug|Any CPU
		{31CAFE0C-5EE0-4D37-9F0F-0ECE77C9CF8F}.Debug|Any CPU.Build.0 = Debug|Any CPU
		{31CAFE0C-5EE0-4D37-9F0F-0ECE77C9CF8F}.Release|Any CPU.ActiveCfg = Release|Any CPU
		{31CAFE0C-5EE0-4D37-9F0F-0ECE77C9CF8F}.Release|Any CPU.Build.0 = Release|Any CPU
	EndGlobalSection
	GlobalSection(SolutionProperties) = preSolution
		HideSolutionNode = FALSE
	EndGlobalSection
	GlobalSection(ExtensibilityGlobals) = postSolution
		SolutionGuid = {356917D7-AF4A-4C3E-9FBE-D448E4D03741}
	EndGlobalSection
EndGlobal
