
Microsoft Visual Studio Solution File, Format Version 12.00
# Visual Studio Version 16
VisualStudioVersion = 16.0.30225.117
MinimumVisualStudioVersion = 10.0.40219.1
Project("{FAE04EC0-301F-11D3-BF4B-00C04F79EFBC}") = "03. Periodic Table", "03. Periodic Table.csproj", "{3506DE89-5071-4576-A40C-C1C37BF98711}"
EndProject
Global
	GlobalSection(SolutionConfigurationPlatforms) = preSolution
		Debug|Any CPU = Debug|Any CPU
		Release|Any CPU = Release|Any CPU
	EndGlobalSection
	GlobalSection(ProjectConfigurationPlatforms) = postSolution
		{3506DE89-5071-4576-A40C-C1C37BF98711}.Debug|Any CPU.ActiveCfg = Debug|Any CPU
		{3506DE89-5071-4576-A40C-C1C37BF98711}.Debug|Any CPU.Build.0 = Debug|Any CPU
		{3506DE89-5071-4576-A40C-C1C37BF98711}.Release|Any CPU.ActiveCfg = Release|Any CPU
		{3506DE89-5071-4576-A40C-C1C37BF98711}.Release|Any CPU.Build.0 = Release|Any CPU
	EndGlobalSection
	GlobalSection(SolutionProperties) = preSolution
		HideSolutionNode = FALSE
	EndGlobalSection
	GlobalSection(ExtensibilityGlobals) = postSolution
		SolutionGuid = {5569E5A9-F443-4F59-94D6-7AC98BADD987}
	EndGlobalSection
EndGlobal
