
Microsoft Visual Studio Solution File, Format Version 12.00
# Visual Studio Version 16
VisualStudioVersion = 16.0.30225.117
MinimumVisualStudioVersion = 10.0.40219.1
Project("{FAE04EC0-301F-11D3-BF4B-00C04F79EFBC}") = "3. Primary Diagonal", "3. Primary Diagonal.csproj", "{6DA50CC5-18A1-4B30-AD7A-8F32E5FBB416}"
EndProject
Global
	GlobalSection(SolutionConfigurationPlatforms) = preSolution
		Debug|Any CPU = Debug|Any CPU
		Release|Any CPU = Release|Any CPU
	EndGlobalSection
	GlobalSection(ProjectConfigurationPlatforms) = postSolution
		{6DA50CC5-18A1-4B30-AD7A-8F32E5FBB416}.Debug|Any CPU.ActiveCfg = Debug|Any CPU
		{6DA50CC5-18A1-4B30-AD7A-8F32E5FBB416}.Debug|Any CPU.Build.0 = Debug|Any CPU
		{6DA50CC5-18A1-4B30-AD7A-8F32E5FBB416}.Release|Any CPU.ActiveCfg = Release|Any CPU
		{6DA50CC5-18A1-4B30-AD7A-8F32E5FBB416}.Release|Any CPU.Build.0 = Release|Any CPU
	EndGlobalSection
	GlobalSection(SolutionProperties) = preSolution
		HideSolutionNode = FALSE
	EndGlobalSection
	GlobalSection(ExtensibilityGlobals) = postSolution
		SolutionGuid = {6B46ADF9-1A6C-4F26-9A99-9A0C5D1E1D13}
	EndGlobalSection
EndGlobal
