
Microsoft Visual Studio Solution File, Format Version 12.00
# Visual Studio Version 16
VisualStudioVersion = 16.0.30225.117
MinimumVisualStudioVersion = 10.0.40219.1
Project("{FAE04EC0-301F-11D3-BF4B-00C04F79EFBC}") = "01. Unique Usernames", "01. Unique Usernames.csproj", "{04DDE927-6CEF-4C84-AAE8-A0CE902756DA}"
EndProject
Global
	GlobalSection(SolutionConfigurationPlatforms) = preSolution
		Debug|Any CPU = Debug|Any CPU
		Release|Any CPU = Release|Any CPU
	EndGlobalSection
	GlobalSection(ProjectConfigurationPlatforms) = postSolution
		{04DDE927-6CEF-4C84-AAE8-A0CE902756DA}.Debug|Any CPU.ActiveCfg = Debug|Any CPU
		{04DDE927-6CEF-4C84-AAE8-A0CE902756DA}.Debug|Any CPU.Build.0 = Debug|Any CPU
		{04DDE927-6CEF-4C84-AAE8-A0CE902756DA}.Release|Any CPU.ActiveCfg = Release|Any CPU
		{04DDE927-6CEF-4C84-AAE8-A0CE902756DA}.Release|Any CPU.Build.0 = Release|Any CPU
	EndGlobalSection
	GlobalSection(SolutionProperties) = preSolution
		HideSolutionNode = FALSE
	EndGlobalSection
	GlobalSection(ExtensibilityGlobals) = postSolution
		SolutionGuid = {7600E013-8241-478C-A0BA-CE01400599FA}
	EndGlobalSection
EndGlobal
