
Microsoft Visual Studio Solution File, Format Version 12.00
# Visual Studio Version 16
VisualStudioVersion = 16.0.30225.117
MinimumVisualStudioVersion = 10.0.40219.1
Project("{FAE04EC0-301F-11D3-BF4B-00C04F79EFBC}") = "03. Custom Min Function", "03. Custom Min Function.csproj", "{AF6DAD40-9F08-4B2D-A920-EEBFE2EFF41F}"
EndProject
Global
	GlobalSection(SolutionConfigurationPlatforms) = preSolution
		Debug|Any CPU = Debug|Any CPU
		Release|Any CPU = Release|Any CPU
	EndGlobalSection
	GlobalSection(ProjectConfigurationPlatforms) = postSolution
		{AF6DAD40-9F08-4B2D-A920-EEBFE2EFF41F}.Debug|Any CPU.ActiveCfg = Debug|Any CPU
		{AF6DAD40-9F08-4B2D-A920-EEBFE2EFF41F}.Debug|Any CPU.Build.0 = Debug|Any CPU
		{AF6DAD40-9F08-4B2D-A920-EEBFE2EFF41F}.Release|Any CPU.ActiveCfg = Release|Any CPU
		{AF6DAD40-9F08-4B2D-A920-EEBFE2EFF41F}.Release|Any CPU.Build.0 = Release|Any CPU
	EndGlobalSection
	GlobalSection(SolutionProperties) = preSolution
		HideSolutionNode = FALSE
	EndGlobalSection
	GlobalSection(ExtensibilityGlobals) = postSolution
		SolutionGuid = {99F1D98C-E49F-49E7-9328-89BE92FD9382}
	EndGlobalSection
EndGlobal
