
Microsoft Visual Studio Solution File, Format Version 12.00
# Visual Studio Version 16
VisualStudioVersion = 16.0.30225.117
MinimumVisualStudioVersion = 10.0.40219.1
Project("{FAE04EC0-301F-11D3-BF4B-00C04F79EFBC}") = "10. Radioactive Mutant Vampire Bunnies", "10. Radioactive Mutant Vampire Bunnies.csproj", "{D5ACD9BF-15F6-48EB-BCD5-1F6952867620}"
EndProject
Global
	GlobalSection(SolutionConfigurationPlatforms) = preSolution
		Debug|Any CPU = Debug|Any CPU
		Release|Any CPU = Release|Any CPU
	EndGlobalSection
	GlobalSection(ProjectConfigurationPlatforms) = postSolution
		{D5ACD9BF-15F6-48EB-BCD5-1F6952867620}.Debug|Any CPU.ActiveCfg = Debug|Any CPU
		{D5ACD9BF-15F6-48EB-BCD5-1F6952867620}.Debug|Any CPU.Build.0 = Debug|Any CPU
		{D5ACD9BF-15F6-48EB-BCD5-1F6952867620}.Release|Any CPU.ActiveCfg = Release|Any CPU
		{D5ACD9BF-15F6-48EB-BCD5-1F6952867620}.Release|Any CPU.Build.0 = Release|Any CPU
	EndGlobalSection
	GlobalSection(SolutionProperties) = preSolution
		HideSolutionNode = FALSE
	EndGlobalSection
	GlobalSection(ExtensibilityGlobals) = postSolution
		SolutionGuid = {74E1DE91-3348-4B2F-B6B9-6BE9617882E2}
	EndGlobalSection
EndGlobal
