
Microsoft Visual Studio Solution File, Format Version 12.00
# Visual Studio Version 16
VisualStudioVersion = 16.0.30225.117
MinimumVisualStudioVersion = 10.0.40219.1
Project("{FAE04EC0-301F-11D3-BF4B-00C04F79EFBC}") = "04. Add VAT", "04. Add VAT.csproj", "{B0FDD884-6832-4526-8DC9-B9781414303D}"
EndProject
Global
	GlobalSection(SolutionConfigurationPlatforms) = preSolution
		Debug|Any CPU = Debug|Any CPU
		Release|Any CPU = Release|Any CPU
	EndGlobalSection
	GlobalSection(ProjectConfigurationPlatforms) = postSolution
		{B0FDD884-6832-4526-8DC9-B9781414303D}.Debug|Any CPU.ActiveCfg = Debug|Any CPU
		{B0FDD884-6832-4526-8DC9-B9781414303D}.Debug|Any CPU.Build.0 = Debug|Any CPU
		{B0FDD884-6832-4526-8DC9-B9781414303D}.Release|Any CPU.ActiveCfg = Release|Any CPU
		{B0FDD884-6832-4526-8DC9-B9781414303D}.Release|Any CPU.Build.0 = Release|Any CPU
	EndGlobalSection
	GlobalSection(SolutionProperties) = preSolution
		HideSolutionNode = FALSE
	EndGlobalSection
	GlobalSection(ExtensibilityGlobals) = postSolution
		SolutionGuid = {32482285-EBC0-4229-8E30-A8B3EF0AF82C}
	EndGlobalSection
EndGlobal
