
Microsoft Visual Studio Solution File, Format Version 12.00
# Visual Studio Version 16
VisualStudioVersion = 16.0.30225.117
MinimumVisualStudioVersion = 10.0.40219.1
Project("{FAE04EC0-301F-11D3-BF4B-00C04F79EFBC}") = "12. Cups and Bottles", "12. Cups and Bottles.csproj", "{ACC1C885-B8E3-42CF-AEB8-E6F6082BC88C}"
EndProject
Global
	GlobalSection(SolutionConfigurationPlatforms) = preSolution
		Debug|Any CPU = Debug|Any CPU
		Release|Any CPU = Release|Any CPU
	EndGlobalSection
	GlobalSection(ProjectConfigurationPlatforms) = postSolution
		{ACC1C885-B8E3-42CF-AEB8-E6F6082BC88C}.Debug|Any CPU.ActiveCfg = Debug|Any CPU
		{ACC1C885-B8E3-42CF-AEB8-E6F6082BC88C}.Debug|Any CPU.Build.0 = Debug|Any CPU
		{ACC1C885-B8E3-42CF-AEB8-E6F6082BC88C}.Release|Any CPU.ActiveCfg = Release|Any CPU
		{ACC1C885-B8E3-42CF-AEB8-E6F6082BC88C}.Release|Any CPU.Build.0 = Release|Any CPU
	EndGlobalSection
	GlobalSection(SolutionProperties) = preSolution
		HideSolutionNode = FALSE
	EndGlobalSection
	GlobalSection(ExtensibilityGlobals) = postSolution
		SolutionGuid = {E1C1EFF5-901B-4418-AB56-86819A25DE06}
	EndGlobalSection
EndGlobal
