
Microsoft Visual Studio Solution File, Format Version 12.00
# Visual Studio Version 16
VisualStudioVersion = 16.0.30225.117
MinimumVisualStudioVersion = 10.0.40219.1
Project("{FAE04EC0-301F-11D3-BF4B-00C04F79EFBC}") = "03. Product Shop", "03. Product Shop.csproj", "{22D55943-4AF3-4B8F-8CB8-9DC3FCA304F3}"
EndProject
Global
	GlobalSection(SolutionConfigurationPlatforms) = preSolution
		Debug|Any CPU = Debug|Any CPU
		Release|Any CPU = Release|Any CPU
	EndGlobalSection
	GlobalSection(ProjectConfigurationPlatforms) = postSolution
		{22D55943-4AF3-4B8F-8CB8-9DC3FCA304F3}.Debug|Any CPU.ActiveCfg = Debug|Any CPU
		{22D55943-4AF3-4B8F-8CB8-9DC3FCA304F3}.Debug|Any CPU.Build.0 = Debug|Any CPU
		{22D55943-4AF3-4B8F-8CB8-9DC3FCA304F3}.Release|Any CPU.ActiveCfg = Release|Any CPU
		{22D55943-4AF3-4B8F-8CB8-9DC3FCA304F3}.Release|Any CPU.Build.0 = Release|Any CPU
	EndGlobalSection
	GlobalSection(SolutionProperties) = preSolution
		HideSolutionNode = FALSE
	EndGlobalSection
	GlobalSection(ExtensibilityGlobals) = postSolution
		SolutionGuid = {9491BD56-F32A-406E-9ECB-2E186FB9D3EF}
	EndGlobalSection
EndGlobal
