
Microsoft Visual Studio Solution File, Format Version 12.00
# Visual Studio Version 16
VisualStudioVersion = 16.0.30225.117
MinimumVisualStudioVersion = 10.0.40219.1
Project("{FAE04EC0-301F-11D3-BF4B-00C04F79EFBC}") = "7. Pascal Triangle", "7. Pascal Triangle.csproj", "{D915A672-D5EC-41F5-B81D-0AACA9699729}"
EndProject
Global
	GlobalSection(SolutionConfigurationPlatforms) = preSolution
		Debug|Any CPU = Debug|Any CPU
		Release|Any CPU = Release|Any CPU
	EndGlobalSection
	GlobalSection(ProjectConfigurationPlatforms) = postSolution
		{D915A672-D5EC-41F5-B81D-0AACA9699729}.Debug|Any CPU.ActiveCfg = Debug|Any CPU
		{D915A672-D5EC-41F5-B81D-0AACA9699729}.Debug|Any CPU.Build.0 = Debug|Any CPU
		{D915A672-D5EC-41F5-B81D-0AACA9699729}.Release|Any CPU.ActiveCfg = Release|Any CPU
		{D915A672-D5EC-41F5-B81D-0AACA9699729}.Release|Any CPU.Build.0 = Release|Any CPU
	EndGlobalSection
	GlobalSection(SolutionProperties) = preSolution
		HideSolutionNode = FALSE
	EndGlobalSection
	GlobalSection(ExtensibilityGlobals) = postSolution
		SolutionGuid = {D4602CC8-CC84-43EC-BEEE-61850926332D}
	EndGlobalSection
EndGlobal
