
Microsoft Visual Studio Solution File, Format Version 12.00
# Visual Studio Version 16
VisualStudioVersion = 16.0.30225.117
MinimumVisualStudioVersion = 10.0.40219.1
Project("{FAE04EC0-301F-11D3-BF4B-00C04F79EFBC}") = "1. Sum Matrix Elements", "1. Sum Matrix Elements.csproj", "{6F8D7045-94C9-45A6-A91A-8388BDB7415F}"
EndProject
Global
	GlobalSection(SolutionConfigurationPlatforms) = preSolution
		Debug|Any CPU = Debug|Any CPU
		Release|Any CPU = Release|Any CPU
	EndGlobalSection
	GlobalSection(ProjectConfigurationPlatforms) = postSolution
		{6F8D7045-94C9-45A6-A91A-8388BDB7415F}.Debug|Any CPU.ActiveCfg = Debug|Any CPU
		{6F8D7045-94C9-45A6-A91A-8388BDB7415F}.Debug|Any CPU.Build.0 = Debug|Any CPU
		{6F8D7045-94C9-45A6-A91A-8388BDB7415F}.Release|Any CPU.ActiveCfg = Release|Any CPU
		{6F8D7045-94C9-45A6-A91A-8388BDB7415F}.Release|Any CPU.Build.0 = Release|Any CPU
	EndGlobalSection
	GlobalSection(SolutionProperties) = preSolution
		HideSolutionNode = FALSE
	EndGlobalSection
	GlobalSection(ExtensibilityGlobals) = postSolution
		SolutionGuid = {F660CAD4-86D7-4DE6-AD96-8AB9D5A5EFDE}
	EndGlobalSection
EndGlobal
