
Microsoft Visual Studio Solution File, Format Version 12.00
# Visual Studio Version 16
VisualStudioVersion = 16.0.30225.117
MinimumVisualStudioVersion = 10.0.40219.1
Project("{FAE04EC0-301F-11D3-BF4B-00C04F79EFBC}") = "2. Squares in Matrix", "2. Squares in Matrix.csproj", "{1E727383-8B3C-4B35-8FB9-C1D9EF58D732}"
EndProject
Global
	GlobalSection(SolutionConfigurationPlatforms) = preSolution
		Debug|Any CPU = Debug|Any CPU
		Release|Any CPU = Release|Any CPU
	EndGlobalSection
	GlobalSection(ProjectConfigurationPlatforms) = postSolution
		{1E727383-8B3C-4B35-8FB9-C1D9EF58D732}.Debug|Any CPU.ActiveCfg = Debug|Any CPU
		{1E727383-8B3C-4B35-8FB9-C1D9EF58D732}.Debug|Any CPU.Build.0 = Debug|Any CPU
		{1E727383-8B3C-4B35-8FB9-C1D9EF58D732}.Release|Any CPU.ActiveCfg = Release|Any CPU
		{1E727383-8B3C-4B35-8FB9-C1D9EF58D732}.Release|Any CPU.Build.0 = Release|Any CPU
	EndGlobalSection
	GlobalSection(SolutionProperties) = preSolution
		HideSolutionNode = FALSE
	EndGlobalSection
	GlobalSection(ExtensibilityGlobals) = postSolution
		SolutionGuid = {EF24F166-6DD9-4AAF-9AAE-FB14CEC8BBAB}
	EndGlobalSection
EndGlobal
