
Microsoft Visual Studio Solution File, Format Version 12.00
# Visual Studio Version 16
VisualStudioVersion = 16.0.30225.117
MinimumVisualStudioVersion = 10.0.40219.1
Project("{FAE04EC0-301F-11D3-BF4B-00C04F79EFBC}") = "3. Simple Calculator", "3. Simple Calculator.csproj", "{452F39FF-D172-4A52-AFD4-C687BBA29F72}"
EndProject
Global
	GlobalSection(SolutionConfigurationPlatforms) = preSolution
		Debug|Any CPU = Debug|Any CPU
		Release|Any CPU = Release|Any CPU
	EndGlobalSection
	GlobalSection(ProjectConfigurationPlatforms) = postSolution
		{452F39FF-D172-4A52-AFD4-C687BBA29F72}.Debug|Any CPU.ActiveCfg = Debug|Any CPU
		{452F39FF-D172-4A52-AFD4-C687BBA29F72}.Debug|Any CPU.Build.0 = Debug|Any CPU
		{452F39FF-D172-4A52-AFD4-C687BBA29F72}.Release|Any CPU.ActiveCfg = Release|Any CPU
		{452F39FF-D172-4A52-AFD4-C687BBA29F72}.Release|Any CPU.Build.0 = Release|Any CPU
	EndGlobalSection
	GlobalSection(SolutionProperties) = preSolution
		HideSolutionNode = FALSE
	EndGlobalSection
	GlobalSection(ExtensibilityGlobals) = postSolution
		SolutionGuid = {2D6DB925-B099-4EED-9A12-A82DF13C5974}
	EndGlobalSection
EndGlobal
