
Microsoft Visual Studio Solution File, Format Version 12.00
# Visual Studio Version 16
VisualStudioVersion = 16.0.30225.117
MinimumVisualStudioVersion = 10.0.40219.1
Project("{FAE04EC0-301F-11D3-BF4B-00C04F79EFBC}") = "03. Count Uppercase Words", "03. Count Uppercase Words.csproj", "{734A55CF-CFCC-4960-A575-E5A8371B9517}"
EndProject
Global
	GlobalSection(SolutionConfigurationPlatforms) = preSolution
		Debug|Any CPU = Debug|Any CPU
		Release|Any CPU = Release|Any CPU
	EndGlobalSection
	GlobalSection(ProjectConfigurationPlatforms) = postSolution
		{734A55CF-CFCC-4960-A575-E5A8371B9517}.Debug|Any CPU.ActiveCfg = Debug|Any CPU
		{734A55CF-CFCC-4960-A575-E5A8371B9517}.Debug|Any CPU.Build.0 = Debug|Any CPU
		{734A55CF-CFCC-4960-A575-E5A8371B9517}.Release|Any CPU.ActiveCfg = Release|Any CPU
		{734A55CF-CFCC-4960-A575-E5A8371B9517}.Release|Any CPU.Build.0 = Release|Any CPU
	EndGlobalSection
	GlobalSection(SolutionProperties) = preSolution
		HideSolutionNode = FALSE
	EndGlobalSection
	GlobalSection(ExtensibilityGlobals) = postSolution
		SolutionGuid = {A909E96A-EB8A-49A3-9863-7105BA0F7A99}
	EndGlobalSection
EndGlobal
